
Microsoft Visual Studio Solution File, Format Version 12.00
# Visual Studio 15
VisualStudioVersion = 15.0.26228.4
MinimumVisualStudioVersion = 10.0.40219.1
Project("{2150E333-8FDC-42A3-9474-1A3956D46DE8}") = "1_html", "1_html", "{DD261247-54C8-4180-8611-96329C55E15C}"
	ProjectSection(SolutionItems) = preProject
		0.01_helloworld.html = 0.01_helloworld.html
		0.02_hp_tags.html = 0.02_hp_tags.html
		0.03_lists.html = 0.03_lists.html
		0.04_links.html = 0.04_links.html
		0.05_images.html = 0.05_images.html
		0.06_tables.html = 0.06_tables.html
		0.07_divs.html = 0.07_divs.html
		0.08_input.html = 0.08_input.html
		0.09_forms.html = 0.09_forms.html
		0.10_sections.html = 0.10_sections.html
		0.11_articles_and_headers.html = 0.11_articles_and_headers.html
		0.12_footer.html = 0.12_footer.html
	EndProjectSection
EndProject
Global
	GlobalSection(SolutionProperties) = preSolution
		HideSolutionNode = FALSE
	EndGlobalSection
EndGlobal
